github.com/golang/freetype v0.0.0-20170609003504-e2365dfdc4a0 h1:DACJavvAHhabrF08vX0COfcOBJRhZ8lUbR+ZWIs0Y5g=
github.com/golang/freetype v0.0.0-20170609003504-e2365dfdc4a0/go.mod h1:E/TSTwGwJL78qG/PmXZO1EjYhfJinVAhrmmHX6Z8B9k=
github.com/jonboulle/clockwork v0.5.0 h1:Hyh9A8u51kptdkR+cqRpT1EebBwTn1oK9YfGYbdFz6I=
github.com/jonboulle/clockwork v0.5.0/go.mod h1:3mZlmanh0g2NDKO5TWZVJAfofYk64M7XN3SzBPjZF60=
github.com/stefan-muehlebach/gg v1.5.0 h1:mLh93/kb3YiA8V+A9ZspXwGjYZ9oIvi2Awt9/twwTZ4=
github.com/stefan-muehlebach/gg v1.5.0/go.mod h1:XIPMRM6MkIWmxwetnXZGlx1PFIICiVfan8BPrKJZrFo=
github.com/stefan-muehlebach/ledgrid v1.4.3 h1:pgsphlloxkCTFP94YQf3kETRIphSZhDVLVo+gTa4wms=
github.com/stefan-muehlebach/ledgrid v1.4.3/go.mod h1:8IwTNlfeoElT9Eeta2vQslWc6hmbpJMiAWrqZgk+//s=
github.com/vladimirvivien/go4vl v0.5.0 h1:1hTRP7aDsLSuHa4EBIm/VP3M0z16xJGPrxCGlYrbvcQ=
github.com/vladimirvivien/go4vl v0.5.0/go.mod h1:iWUNl4OswQ/oekJXIS6S8MN5inoPOsbpF3m4azwrzsA=
gocv.io/x/gocv v0.43.0 h1:PFNpRUcV8fgBRDbVHHN+4BDZjjPnVveo5N/+e15BTuA=
gocv.io/x/gocv v0.43.0/go.mod h1:zYdWMj29WAEznM3Y8NsU3A0TRq/wR/cy75jeUypThqU=
golang.org/x/image v0.39.0 h1:skVYidAEVKgn8lZ602XO75asgXBgLj9G/FE3RbuPFww=
golang.org/x/image v0.39.0/go.mod h1:sIbmppfU+xFLPIG0FoVUTvyBMmgng1/XAMhQ2ft0hpA=
golang.org/x/sys v0.43.0 h1:Rlag2XtaFTxp19wS8MXlJwTvoh8ArU6ezoyFsMyCTNI=
golang.org/x/sys v0.43.0/go.mod h1:4GL1E5IUh+htKOUEOaiffhrAeqysfVGipDYzABqnCmw=
golang.org/x/text v0.36.0 h1:JfKh3XmcRPqZPKevfXVpI1wXPTqbkE5f7JA92a55Yxg=
golang.org/x/text v0.36.0/go.mod h1:NIdBknypM8iqVmPiuco0Dh6P5Jcdk8lJL0CUebqK164=
periph.io/x/conn/v3 v3.7.3 h1:+8UblkC4omTB1M+jZTvTj3qoxQOTJy0ZRQm8DLUuVzc=
periph.io/x/conn/v3 v3.7.3/go.mod h1:tyV9YaYquOJ2Q2yAL0B5zk9ZvHGsbW56M6y92wjyPDQ=
periph.io/x/host/v3 v3.8.5 h1:g4g5xE1XZtDiGl1UAJaUur1aT7uNiFLMkyMEiZ7IHII=
periph.io/x/host/v3 v3.8.5/go.mod h1:hPq8dISZIc+UNfWoRj+bPH3XEBQqJPdFdx218W92mdc=
